// !$*UTF8*$!
{
	archiveVersion = 1;
	classes = {
	};
	objectVersion = 51;
	objects = {

/* Begin PBXBuildFile section */
		5A2835CB9CF270880090AC45 /* Pods_DemoApp.framework in Frameworks */ = {isa = PBXBuildFile; fileRef = 61F1419A18A400A0DD01276D /* Pods_DemoApp.framework */; };
		F41246D12568B89E0046A5ED /* ARCUTTest.m in Sources */ = {isa = PBXBuildFile; fileRef = F41246D02568B89E0046A5ED /* ARCUTTest.m */; };
		F45CA6322515FD8600A13456 /* AppDelegate.swift in Sources */ = {isa = PBXBuildFile; fileRef = F45CA6312515FD8600A13456 /* AppDelegate.swift */; };
		F45CA6342515FD8600A13456 /* SceneDelegate.swift in Sources */ = {isa = PBXBuildFile; fileRef = F45CA6332515FD8600A13456 /* SceneDelegate.swift */; };
		F45CA6392515FD8600A13456 /* Main.storyboard in Resources */ = {isa = PBXBuildFile; fileRef = F45CA6372515FD8600A13456 /* Main.storyboard */; };
		F45CA63B2515FD8800A13456 /* Assets.xcassets in Resources */ = {isa = PBXBuildFile; fileRef = F45CA63A2515FD8800A13456 /* Assets.xcassets */; };
		F45CA63E2515FD8800A13456 /* LaunchScreen.storyboard in Resources */ = {isa = PBXBuildFile; fileRef = F45CA63C2515FD8800A13456 /* LaunchScreen.storyboard */; };
		F45CA6492515FD8800A13456 /* DemoAppTests.swift in Sources */ = {isa = PBXBuildFile; fileRef = F45CA6482515FD8800A13456 /* DemoAppTests.swift */; };
		F45CA6542515FD8900A13456 /* DemoAppUITests.swift in Sources */ = {isa = PBXBuildFile; fileRef = F45CA6532515FD8900A13456 /* DemoAppUITests.swift */; };
		F46D197C25172B5C0005F1BB /* MainNavigationVC.swift in Sources */ = {isa = PBXBuildFile; fileRef = F46D197925172B5C0005F1BB /* MainNavigationVC.swift */; };
		F46D197D25172B5C0005F1BB /* MainTabBarVC.swift in Sources */ = {isa = PBXBuildFile; fileRef = F46D197A25172B5C0005F1BB /* MainTabBarVC.swift */; };
		F46D1A2C25172D210005F1BB /* BasicTool.swift in Sources */ = {isa = PBXBuildFile; fileRef = F46D1A2125172D210005F1BB /* BasicTool.swift */; };
		F46D1A2D25172D210005F1BB /* LocalFileTool.swift in Sources */ = {isa = PBXBuildFile; fileRef = F46D1A2225172D210005F1BB /* LocalFileTool.swift */; };
		F46D1A2E25172D210005F1BB /* DataPersistenceTool.swift in Sources */ = {isa = PBXBuildFile; fileRef = F46D1A2325172D210005F1BB /* DataPersistenceTool.swift */; };
		F46D1A2F25172D210005F1BB /* LocalizedTool.swift in Sources */ = {isa = PBXBuildFile; fileRef = F46D1A2425172D210005F1BB /* LocalizedTool.swift */; };
		F46D1A3025172D210005F1BB /* StringCheck.swift in Sources */ = {isa = PBXBuildFile; fileRef = F46D1A2525172D210005F1BB /* StringCheck.swift */; };
		F46D1A3125172D210005F1BB /* HTTPNetworkTool.swift in Sources */ = {isa = PBXBuildFile; fileRef = F46D1A2625172D210005F1BB /* HTTPNetworkTool.swift */; };
		F46D1A3225172D210005F1BB /* Debug.swift in Sources */ = {isa = PBXBuildFile; fileRef = F46D1A2725172D210005F1BB /* Debug.swift */; };
		F46D1A3325172D210005F1BB /* LogTool.swift in Sources */ = {isa = PBXBuildFile; fileRef = F46D1A2825172D210005F1BB /* LogTool.swift */; };
		F46D1A3425172D210005F1BB /* LocationTool.swift in Sources */ = {isa = PBXBuildFile; fileRef = F46D1A2925172D210005F1BB /* LocationTool.swift */; };
		F46D1A7B25172E8F0005F1BB /* NSObject+Ex.swift in Sources */ = {isa = PBXBuildFile; fileRef = F46D1A6725172E8F0005F1BB /* NSObject+Ex.swift */; };
		F46D1A7C25172E8F0005F1BB /* UIDevice+Ex.swift in Sources */ = {isa = PBXBuildFile; fileRef = F46D1A6825172E8F0005F1BB /* UIDevice+Ex.swift */; };
		F46D1A7E25172E8F0005F1BB /* UIViewController+Ex.swift in Sources */ = {isa = PBXBuildFile; fileRef = F46D1A6A25172E8F0005F1BB /* UIViewController+Ex.swift */; };
		F46D1A7F25172E8F0005F1BB /* UIView+Ex.swift in Sources */ = {isa = PBXBuildFile; fileRef = F46D1A6B25172E8F0005F1BB /* UIView+Ex.swift */; };
		F46D1A8025172E8F0005F1BB /* UIColor + Ex.swift in Sources */ = {isa = PBXBuildFile; fileRef = F46D1A6D25172E8F0005F1BB /* UIColor + Ex.swift */; };
		F46D1A8125172E8F0005F1BB /* Optional+Ex.swift in Sources */ = {isa = PBXBuildFile; fileRef = F46D1A6F25172E8F0005F1BB /* Optional+Ex.swift */; };
		F46D1A8225172E8F0005F1BB /* String+Ex.swift in Sources */ = {isa = PBXBuildFile; fileRef = F46D1A7025172E8F0005F1BB /* String+Ex.swift */; };
		F46D1A8325172E8F0005F1BB /* NSBundle+Ex.m in Sources */ = {isa = PBXBuildFile; fileRef = F46D1A7125172E8F0005F1BB /* NSBundle+Ex.m */; };
		F46D1A8425172E8F0005F1BB /* DispatchQueue+Ex.swift in Sources */ = {isa = PBXBuildFile; fileRef = F46D1A7225172E8F0005F1BB /* DispatchQueue+Ex.swift */; };
		F46D1A8525172E8F0005F1BB /* UIImage+Ex.swift in Sources */ = {isa = PBXBuildFile; fileRef = F46D1A7325172E8F0005F1BB /* UIImage+Ex.swift */; };
		F46D1A8625172E8F0005F1BB /* UILabel+Ex.swift in Sources */ = {isa = PBXBuildFile; fileRef = F46D1A7425172E8F0005F1BB /* UILabel+Ex.swift */; };
		F46D1A8725172E8F0005F1BB /* Dimesion+Ex.swift in Sources */ = {isa = PBXBuildFile; fileRef = F46D1A7525172E8F0005F1BB /* Dimesion+Ex.swift */; };
		F46D1A8825172E8F0005F1BB /* NSObject+MehodSwizzle.m in Sources */ = {isa = PBXBuildFile; fileRef = F46D1A7625172E8F0005F1BB /* NSObject+MehodSwizzle.m */; };
		F46D1A8925172E8F0005F1BB /* UINavigationController+FDFullscreenPopGesture.m in Sources */ = {isa = PBXBuildFile; fileRef = F46D1A7725172E8F0005F1BB /* UINavigationController+FDFullscreenPopGesture.m */; };
		F46D1A8A25172E8F0005F1BB /* Collections+Ex.swift in Sources */ = {isa = PBXBuildFile; fileRef = F46D1A7825172E8F0005F1BB /* Collections+Ex.swift */; };
		F46D1A8B25172E8F0005F1BB /* IndexPath+Ex.swift in Sources */ = {isa = PBXBuildFile; fileRef = F46D1A7A25172E8F0005F1BB /* IndexPath+Ex.swift */; };
		F46D1AA9251731060005F1BB /* SizeDimension.swift in Sources */ = {isa = PBXBuildFile; fileRef = F46D1AA6251731060005F1BB /* SizeDimension.swift */; };
		F46D1AAA251731060005F1BB /* UIImage.swift in Sources */ = {isa = PBXBuildFile; fileRef = F46D1AA7251731060005F1BB /* UIImage.swift */; };
		F46D1AAB251731060005F1BB /* TextDesign.swift in Sources */ = {isa = PBXBuildFile; fileRef = F46D1AA8251731060005F1BB /* TextDesign.swift */; };
		F46D1AC12517336C0005F1BB /* ChatViewController.swift in Sources */ = {isa = PBXBuildFile; fileRef = F46D1AC02517336C0005F1BB /* ChatViewController.swift */; };
		F46D1AC62517337A0005F1BB /* AdressBookViewController.swift in Sources */ = {isa = PBXBuildFile; fileRef = F46D1AC52517337A0005F1BB /* AdressBookViewController.swift */; };
		F46D1ACB251733900005F1BB /* DiscoveryViewController.swift in Sources */ = {isa = PBXBuildFile; fileRef = F46D1ACA251733900005F1BB /* DiscoveryViewController.swift */; };
		F46D1AD02517339A0005F1BB /* MyViewController.swift in Sources */ = {isa = PBXBuildFile; fileRef = F46D1ACF2517339A0005F1BB /* MyViewController.swift */; };
		F46D1AEE251743D10005F1BB /* ChatInfoTableViewCell.swift in Sources */ = {isa = PBXBuildFile; fileRef = F46D1AED251743D10005F1BB /* ChatInfoTableViewCell.swift */; };
		F46D1AF425175E390005F1BB /* ChatContentManager.swift in Sources */ = {isa = PBXBuildFile; fileRef = F46D1AF325175E390005F1BB /* ChatContentManager.swift */; };
		F46D1B1725184A570005F1BB /* ChatSessionViewController.swift in Sources */ = {isa = PBXBuildFile; fileRef = F46D1B1625184A560005F1BB /* ChatSessionViewController.swift */; };
		F474E548251B909B00885A8B /* ChatSessionTableViewCell.swift in Sources */ = {isa = PBXBuildFile; fileRef = F474E547251B909B00885A8B /* ChatSessionTableViewCell.swift */; };
/* End PBXBuildFile section */

/* Begin PBXContainerItemProxy section */
		F45CA6452515FD8800A13456 /* PBXContainerItemProxy */ = {
			isa = PBXContainerItemProxy;
			containerPortal = F45CA6262515FD8600A13456 /* Project object */;
			proxyType = 1;
			remoteGlobalIDString = F45CA62D2515FD8600A13456;
			remoteInfo = DemoApp;
		};
		F45CA6502515FD8900A13456 /* PBXContainerItemProxy */ = {
			isa = PBXContainerItemProxy;
			containerPortal = F45CA6262515FD8600A13456 /* Project object */;
			proxyType = 1;
			remoteGlobalIDString = F45CA62D2515FD8600A13456;
			remoteInfo = DemoApp;
		};
/* End PBXContainerItemProxy section */

/* Begin PBXFileReference section */
		0D87A92500FCD09F13508075 /* Pods-DemoApp.debug.xcconfig */ = {isa = PBXFileReference; includeInIndex = 1; lastKnownFileType = text.xcconfig; name = "Pods-DemoApp.debug.xcconfig"; path = "Target Support Files/Pods-DemoApp/Pods-DemoApp.debug.xcconfig"; sourceTree = "<group>"; };
		61F1419A18A400A0DD01276D /* Pods_DemoApp.framework */ = {isa = PBXFileReference; explicitFileType = wrapper.framework; includeInIndex = 0; path = Pods_DemoApp.framework; sourceTree = BUILT_PRODUCTS_DIR; };
		F26618E2A3D8B403BC5E3EBE /* Pods-DemoApp.release.xcconfig */ = {isa = PBXFileReference; includeInIndex = 1; lastKnownFileType = text.xcconfig; name = "Pods-DemoApp.release.xcconfig"; path = "Target Support Files/Pods-DemoApp/Pods-DemoApp.release.xcconfig"; sourceTree = "<group>"; };
		F41246CF2568B89D0046A5ED /* DemoAppTests-Bridging-Header.h */ = {isa = PBXFileReference; lastKnownFileType = sourcecode.c.h; path = "DemoAppTests-Bridging-Header.h"; sourceTree = "<group>"; };
		F41246D02568B89E0046A5ED /* ARCUTTest.m */ = {isa = PBXFileReference; lastKnownFileType = sourcecode.c.objc; path = ARCUTTest.m; sourceTree = "<group>"; };
		F41458C525668FD000968DAE /* MyPlayground.playground */ = {isa = PBXFileReference; lastKnownFileType = file.playground; path = MyPlayground.playground; sourceTree = "<group>"; };
		F41458CC2566913D00968DAE /* AMapPlayground.playground */ = {isa = PBXFileReference; lastKnownFileType = file.playground; path = AMapPlayground.playground; sourceTree = "<group>"; xcLanguageSpecificationIdentifier = xcode.lang.swift; };
		F41458D02566918C00968DAE /* AGamePlayground.playground */ = {isa = PBXFileReference; lastKnownFileType = file.playground; path = AGamePlayground.playground; sourceTree = "<group>"; xcLanguageSpecificationIdentifier = xcode.lang.swift; };
		F41458D4256691E600968DAE /* ViewTest.playground */ = {isa = PBXFileReference; lastKnownFileType = file.playground; path = ViewTest.playground; sourceTree = "<group>"; xcLanguageSpecificationIdentifier = xcode.lang.swift; };
		F45CA62E2515FD8600A13456 /* DemoApp.app */ = {isa = PBXFileReference; explicitFileType = wrapper.application; includeInIndex = 0; path = DemoApp.app; sourceTree = BUILT_PRODUCTS_DIR; };
		F45CA6312515FD8600A13456 /* AppDelegate.swift */ = {isa = PBXFileReference; lastKnownFileType = sourcecode.swift; path = AppDelegate.swift; sourceTree = "<group>"; };
		F45CA6332515FD8600A13456 /* SceneDelegate.swift */ = {isa = PBXFileReference; lastKnownFileType = sourcecode.swift; path = SceneDelegate.swift; sourceTree = "<group>"; };
		F45CA6382515FD8600A13456 /* Base */ = {isa = PBXFileReference; lastKnownFileType = file.storyboard; name = Base; path = Base.lproj/Main.storyboard; sourceTree = "<group>"; };
		F45CA63A2515FD8800A13456 /* Assets.xcassets */ = {isa = PBXFileReference; lastKnownFileType = folder.assetcatalog; path = Assets.xcassets; sourceTree = "<group>"; };
		F45CA63D2515FD8800A13456 /* Base */ = {isa = PBXFileReference; lastKnownFileType = file.storyboard; name = Base; path = Base.lproj/LaunchScreen.storyboard; sourceTree = "<group>"; };
		F45CA63F2515FD8800A13456 /* Info.plist */ = {isa = PBXFileReference; lastKnownFileType = text.plist.xml; path = Info.plist; sourceTree = "<group>"; };
		F45CA6442515FD8800A13456 /* DemoAppTests.xctest */ = {isa = PBXFileReference; explicitFileType = wrapper.cfbundle; includeInIndex = 0; path = DemoAppTests.xctest; sourceTree = BUILT_PRODUCTS_DIR; };
		F45CA6482515FD8800A13456 /* DemoAppTests.swift */ = {isa = PBXFileReference; lastKnownFileType = sourcecode.swift; path = DemoAppTests.swift; sourceTree = "<group>"; };
		F45CA64A2515FD8800A13456 /* Info.plist */ = {isa = PBXFileReference; lastKnownFileType = text.plist.xml; path = Info.plist; sourceTree = "<group>"; };
		F45CA64F2515FD8900A13456 /* DemoAppUITests.xctest */ = {isa = PBXFileReference; explicitFileType = wrapper.cfbundle; includeInIndex = 0; path = DemoAppUITests.xctest; sourceTree = BUILT_PRODUCTS_DIR; };
		F45CA6532515FD8900A13456 /* DemoAppUITests.swift */ = {isa = PBXFileReference; lastKnownFileType = sourcecode.swift; path = DemoAppUITests.swift; sourceTree = "<group>"; };
		F45CA6552515FD8900A13456 /* Info.plist */ = {isa = PBXFileReference; lastKnownFileType = text.plist.xml; path = Info.plist; sourceTree = "<group>"; };
		F46D197925172B5C0005F1BB /* MainNavigationVC.swift */ = {isa = PBXFileReference; fileEncoding = 4; lastKnownFileType = sourcecode.swift; path = MainNavigationVC.swift; sourceTree = "<group>"; };
		F46D197A25172B5C0005F1BB /* MainTabBarVC.swift */ = {isa = PBXFileReference; fileEncoding = 4; lastKnownFileType = sourcecode.swift; path = MainTabBarVC.swift; sourceTree = "<group>"; };
		F46D1A2125172D210005F1BB /* BasicTool.swift */ = {isa = PBXFileReference; fileEncoding = 4; lastKnownFileType = sourcecode.swift; path = BasicTool.swift; sourceTree = "<group>"; };
		F46D1A2225172D210005F1BB /* LocalFileTool.swift */ = {isa = PBXFileReference; fileEncoding = 4; lastKnownFileType = sourcecode.swift; path = LocalFileTool.swift; sourceTree = "<group>"; };
		F46D1A2325172D210005F1BB /* DataPersistenceTool.swift */ = {isa = PBXFileReference; fileEncoding = 4; lastKnownFileType = sourcecode.swift; path = DataPersistenceTool.swift; sourceTree = "<group>"; };
		F46D1A2425172D210005F1BB /* LocalizedTool.swift */ = {isa = PBXFileReference; fileEncoding = 4; lastKnownFileType = sourcecode.swift; path = LocalizedTool.swift; sourceTree = "<group>"; };
		F46D1A2525172D210005F1BB /* StringCheck.swift */ = {isa = PBXFileReference; fileEncoding = 4; lastKnownFileType = sourcecode.swift; path = StringCheck.swift; sourceTree = "<group>"; };
		F46D1A2625172D210005F1BB /* HTTPNetworkTool.swift */ = {isa = PBXFileReference; fileEncoding = 4; lastKnownFileType = sourcecode.swift; path = HTTPNetworkTool.swift; sourceTree = "<group>"; };
		F46D1A2725172D210005F1BB /* Debug.swift */ = {isa = PBXFileReference; fileEncoding = 4; lastKnownFileType = sourcecode.swift; path = Debug.swift; sourceTree = "<group>"; };
		F46D1A2825172D210005F1BB /* LogTool.swift */ = {isa = PBXFileReference; fileEncoding = 4; lastKnownFileType = sourcecode.swift; path = LogTool.swift; sourceTree = "<group>"; };
		F46D1A2925172D210005F1BB /* LocationTool.swift */ = {isa = PBXFileReference; fileEncoding = 4; lastKnownFileType = sourcecode.swift; path = LocationTool.swift; sourceTree = "<group>"; };
		F46D1A5F25172E4E0005F1BB /* DemoApp-Bridging-Header.h */ = {isa = PBXFileReference; lastKnownFileType = sourcecode.c.h; path = "DemoApp-Bridging-Header.h"; sourceTree = "<group>"; };
		F46D1A6725172E8F0005F1BB /* NSObject+Ex.swift */ = {isa = PBXFileReference; fileEncoding = 4; lastKnownFileType = sourcecode.swift; path = "NSObject+Ex.swift"; sourceTree = "<group>"; };
		F46D1A6825172E8F0005F1BB /* UIDevice+Ex.swift */ = {isa = PBXFileReference; fileEncoding = 4; lastKnownFileType = sourcecode.swift; path = "UIDevice+Ex.swift"; sourceTree = "<group>"; };
		F46D1A6A25172E8F0005F1BB /* UIViewController+Ex.swift */ = {isa = PBXFileReference; fileEncoding = 4; lastKnownFileType = sourcecode.swift; path = "UIViewController+Ex.swift"; sourceTree = "<group>"; };
		F46D1A6B25172E8F0005F1BB /* UIView+Ex.swift */ = {isa = PBXFileReference; fileEncoding = 4; lastKnownFileType = sourcecode.swift; path = "UIView+Ex.swift"; sourceTree = "<group>"; };
		F46D1A6C25172E8F0005F1BB /* UINavigationController+FDFullscreenPopGesture.h */ = {isa = PBXFileReference; fileEncoding = 4; lastKnownFileType = sourcecode.c.h; path = "UINavigationController+FDFullscreenPopGesture.h"; sourceTree = "<group>"; };
		F46D1A6D25172E8F0005F1BB /* UIColor + Ex.swift */ = {isa = PBXFileReference; fileEncoding = 4; lastKnownFileType = sourcecode.swift; path = "UIColor + Ex.swift"; sourceTree = "<group>"; };
		F46D1A6E25172E8F0005F1BB /* NSObject+MehodSwizzle.h */ = {isa = PBXFileReference; fileEncoding = 4; lastKnownFileType = sourcecode.c.h; path = "NSObject+MehodSwizzle.h"; sourceTree = "<group>"; };
		F46D1A6F25172E8F0005F1BB /* Optional+Ex.swift */ = {isa = PBXFileReference; fileEncoding = 4; lastKnownFileType = sourcecode.swift; path = "Optional+Ex.swift"; sourceTree = "<group>"; };
		F46D1A7025172E8F0005F1BB /* String+Ex.swift */ = {isa = PBXFileReference; fileEncoding = 4; lastKnownFileType = sourcecode.swift; path = "String+Ex.swift"; sourceTree = "<group>"; };
		F46D1A7125172E8F0005F1BB /* NSBundle+Ex.m */ = {isa = PBXFileReference; fileEncoding = 4; lastKnownFileType = sourcecode.c.objc; path = "NSBundle+Ex.m"; sourceTree = "<group>"; };
		F46D1A7225172E8F0005F1BB /* DispatchQueue+Ex.swift */ = {isa = PBXFileReference; fileEncoding = 4; lastKnownFileType = sourcecode.swift; path = "DispatchQueue+Ex.swift"; sourceTree = "<group>"; };
		F46D1A7325172E8F0005F1BB /* UIImage+Ex.swift */ = {isa = PBXFileReference; fileEncoding = 4; lastKnownFileType = sourcecode.swift; path = "UIImage+Ex.swift"; sourceTree = "<group>"; };
		F46D1A7425172E8F0005F1BB /* UILabel+Ex.swift */ = {isa = PBXFileReference; fileEncoding = 4; lastKnownFileType = sourcecode.swift; path = "UILabel+Ex.swift"; sourceTree = "<group>"; };
		F46D1A7525172E8F0005F1BB /* Dimesion+Ex.swift */ = {isa = PBXFileReference; fileEncoding = 4; lastKnownFileType = sourcecode.swift; path = "Dimesion+Ex.swift"; sourceTree = "<group>"; };
		F46D1A7625172E8F0005F1BB /* NSObject+MehodSwizzle.m */ = {isa = PBXFileReference; fileEncoding = 4; lastKnownFileType = sourcecode.c.objc; path = "NSObject+MehodSwizzle.m"; sourceTree = "<group>"; };
		F46D1A7725172E8F0005F1BB /* UINavigationController+FDFullscreenPopGesture.m */ = {isa = PBXFileReference; fileEncoding = 4; lastKnownFileType = sourcecode.c.objc; path = "UINavigationController+FDFullscreenPopGesture.m"; sourceTree = "<group>"; };
		F46D1A7825172E8F0005F1BB /* Collections+Ex.swift */ = {isa = PBXFileReference; fileEncoding = 4; lastKnownFileType = sourcecode.swift; path = "Collections+Ex.swift"; sourceTree = "<group>"; };
		F46D1A7925172E8F0005F1BB /* NSBundle+Ex.h */ = {isa = PBXFileReference; fileEncoding = 4; lastKnownFileType = sourcecode.c.h; path = "NSBundle+Ex.h"; sourceTree = "<group>"; };
		F46D1A7A25172E8F0005F1BB /* IndexPath+Ex.swift */ = {isa = PBXFileReference; fileEncoding = 4; lastKnownFileType = sourcecode.swift; path = "IndexPath+Ex.swift"; sourceTree = "<group>"; };
		F46D1AA6251731060005F1BB /* SizeDimension.swift */ = {isa = PBXFileReference; fileEncoding = 4; lastKnownFileType = sourcecode.swift; path = SizeDimension.swift; sourceTree = "<group>"; };
		F46D1AA7251731060005F1BB /* UIImage.swift */ = {isa = PBXFileReference; fileEncoding = 4; lastKnownFileType = sourcecode.swift; path = UIImage.swift; sourceTree = "<group>"; };
		F46D1AA8251731060005F1BB /* TextDesign.swift */ = {isa = PBXFileReference; fileEncoding = 4; lastKnownFileType = sourcecode.swift; path = TextDesign.swift; sourceTree = "<group>"; };
		F46D1AC02517336C0005F1BB /* ChatViewController.swift */ = {isa = PBXFileReference; lastKnownFileType = sourcecode.swift; path = ChatViewController.swift; sourceTree = "<group>"; };
		F46D1AC52517337A0005F1BB /* AdressBookViewController.swift */ = {isa = PBXFileReference; lastKnownFileType = sourcecode.swift; path = AdressBookViewController.swift; sourceTree = "<group>"; };
		F46D1ACA251733900005F1BB /* DiscoveryViewController.swift */ = {isa = PBXFileReference; lastKnownFileType = sourcecode.swift; path = DiscoveryViewController.swift; sourceTree = "<group>"; };
		F46D1ACF2517339A0005F1BB /* MyViewController.swift */ = {isa = PBXFileReference; lastKnownFileType = sourcecode.swift; path = MyViewController.swift; sourceTree = "<group>"; };
		F46D1AED251743D10005F1BB /* ChatInfoTableViewCell.swift */ = {isa = PBXFileReference; lastKnownFileType = sourcecode.swift; path = ChatInfoTableViewCell.swift; sourceTree = "<group>"; };
		F46D1AF325175E390005F1BB /* ChatContentManager.swift */ = {isa = PBXFileReference; lastKnownFileType = sourcecode.swift; path = ChatContentManager.swift; sourceTree = "<group>"; };
		F46D1B1625184A560005F1BB /* ChatSessionViewController.swift */ = {isa = PBXFileReference; lastKnownFileType = sourcecode.swift; path = ChatSessionViewController.swift; sourceTree = "<group>"; };
		F474E547251B909B00885A8B /* ChatSessionTableViewCell.swift */ = {isa = PBXFileReference; lastKnownFileType = sourcecode.swift; path = ChatSessionTableViewCell.swift; sourceTree = "<group>"; };
/* End PBXFileReference section */

/* Begin PBXFrameworksBuildPhase section */
		F45CA62B2515FD8600A13456 /* Frameworks */ = {
			isa = PBXFrameworksBuildPhase;
			buildActionMask = 2147483647;
			files = (
				5A2835CB9CF270880090AC45 /* Pods_DemoApp.framework in Frameworks */,
			);
			runOnlyForDeploymentPostprocessing = 0;
		};
		F45CA6412515FD8800A13456 /* Frameworks */ = {
			isa = PBXFrameworksBuildPhase;
			buildActionMask = 2147483647;
			files = (
			);
			runOnlyForDeploymentPostprocessing = 0;
		};
		F45CA64C2515FD8800A13456 /* Frameworks */ = {
			isa = PBXFrameworksBuildPhase;
			buildActionMask = 2147483647;
			files = (
			);
			runOnlyForDeploymentPostprocessing = 0;
		};
/* End PBXFrameworksBuildPhase section */

/* Begin PBXGroup section */
		99B24602CF6207C31C5E03A0 /* Pods */ = {
			isa = PBXGroup;
			children = (
				0D87A92500FCD09F13508075 /* Pods-DemoApp.debug.xcconfig */,
				F26618E2A3D8B403BC5E3EBE /* Pods-DemoApp.release.xcconfig */,
			);
			path = Pods;
			sourceTree = "<group>";
		};
		B754AAE0EB64B7576CBEA950 /* Frameworks */ = {
			isa = PBXGroup;
			children = (
				61F1419A18A400A0DD01276D /* Pods_DemoApp.framework */,
			);
			name = Frameworks;
			sourceTree = "<group>";
		};
		F41FF2C0255EBD9800C64A13 /* OCTest */ = {
			isa = PBXGroup;
			children = (
			);
			path = OCTest;
			sourceTree = "<group>";
		};
		F45CA6252515FD8600A13456 = {
			isa = PBXGroup;
			children = (
				F41458D4256691E600968DAE /* ViewTest.playground */,
				F41458D02566918C00968DAE /* AGamePlayground.playground */,
				F41458CC2566913D00968DAE /* AMapPlayground.playground */,
				F41458C525668FD000968DAE /* MyPlayground.playground */,
				F45CA6302515FD8600A13456 /* DemoApp */,
				F45CA6472515FD8800A13456 /* DemoAppTests */,
				F45CA6522515FD8900A13456 /* DemoAppUITests */,
				F45CA62F2515FD8600A13456 /* Products */,
				99B24602CF6207C31C5E03A0 /* Pods */,
				B754AAE0EB64B7576CBEA950 /* Frameworks */,
			);
			sourceTree = "<group>";
		};
		F45CA62F2515FD8600A13456 /* Products */ = {
			isa = PBXGroup;
			children = (
				F45CA62E2515FD8600A13456 /* DemoApp.app */,
				F45CA6442515FD8800A13456 /* DemoAppTests.xctest */,
				F45CA64F2515FD8900A13456 /* DemoAppUITests.xctest */,
			);
			name = Products;
			sourceTree = "<group>";
		};
		F45CA6302515FD8600A13456 /* DemoApp */ = {
			isa = PBXGroup;
			children = (
				F41FF2C0255EBD9800C64A13 /* OCTest */,
				F46D1AF225175E270005F1BB /* Models */,
				F46D1AE9251743A00005F1BB /* FunctionViews */,
				F46D1AAF2517325D0005F1BB /* FunctionControllers */,
				F46D1AA5251731060005F1BB /* CommonUIVar */,
				F46D1A6625172E8F0005F1BB /* Extensions */,
				F46D1A2025172D210005F1BB /* CommonTools */,
				F46D197825172B5C0005F1BB /* BasicControllers */,
				F45CA6312515FD8600A13456 /* AppDelegate.swift */,
				F45CA6332515FD8600A13456 /* SceneDelegate.swift */,
				F45CA6372515FD8600A13456 /* Main.storyboard */,
				F45CA63A2515FD8800A13456 /* Assets.xcassets */,
				F45CA63C2515FD8800A13456 /* LaunchScreen.storyboard */,
				F45CA63F2515FD8800A13456 /* Info.plist */,
				F46D1A5F25172E4E0005F1BB /* DemoApp-Bridging-Header.h */,
			);
			path = DemoApp;
			sourceTree = "<group>";
		};
		F45CA6472515FD8800A13456 /* DemoAppTests */ = {
			isa = PBXGroup;
			children = (
				F45CA6482515FD8800A13456 /* DemoAppTests.swift */,
				F45CA64A2515FD8800A13456 /* Info.plist */,
				F41246D02568B89E0046A5ED /* ARCUTTest.m */,
				F41246CF2568B89D0046A5ED /* DemoAppTests-Bridging-Header.h */,
			);
			path = DemoAppTests;
			sourceTree = "<group>";
		};
		F45CA6522515FD8900A13456 /* DemoAppUITests */ = {
			isa = PBXGroup;
			children = (
				F45CA6532515FD8900A13456 /* DemoAppUITests.swift */,
				F45CA6552515FD8900A13456 /* Info.plist */,
			);
			path = DemoAppUITests;
			sourceTree = "<group>";
		};
		F46D197825172B5C0005F1BB /* BasicControllers */ = {
			isa = PBXGroup;
			children = (
				F46D197925172B5C0005F1BB /* MainNavigationVC.swift */,
				F46D197A25172B5C0005F1BB /* MainTabBarVC.swift */,
			);
			path = BasicControllers;
			sourceTree = "<group>";
		};
		F46D1A2025172D210005F1BB /* CommonTools */ = {
			isa = PBXGroup;
			children = (
				F46D1A2125172D210005F1BB /* BasicTool.swift */,
				F46D1A2225172D210005F1BB /* LocalFileTool.swift */,
				F46D1A2325172D210005F1BB /* DataPersistenceTool.swift */,
				F46D1A2425172D210005F1BB /* LocalizedTool.swift */,
				F46D1A2525172D210005F1BB /* StringCheck.swift */,
				F46D1A2625172D210005F1BB /* HTTPNetworkTool.swift */,
				F46D1A2725172D210005F1BB /* Debug.swift */,
				F46D1A2825172D210005F1BB /* LogTool.swift */,
				F46D1A2925172D210005F1BB /* LocationTool.swift */,
			);
			path = CommonTools;
			sourceTree = "<group>";
		};
		F46D1A6625172E8F0005F1BB /* Extensions */ = {
			isa = PBXGroup;
			children = (
				F46D1A6725172E8F0005F1BB /* NSObject+Ex.swift */,
				F46D1A6825172E8F0005F1BB /* UIDevice+Ex.swift */,
				F46D1A6A25172E8F0005F1BB /* UIViewController+Ex.swift */,
				F46D1A6B25172E8F0005F1BB /* UIView+Ex.swift */,
				F46D1A6C25172E8F0005F1BB /* UINavigationController+FDFullscreenPopGesture.h */,
				F46D1A6D25172E8F0005F1BB /* UIColor + Ex.swift */,
				F46D1A6E25172E8F0005F1BB /* NSObject+MehodSwizzle.h */,
				F46D1A6F25172E8F0005F1BB /* Optional+Ex.swift */,
				F46D1A7025172E8F0005F1BB /* String+Ex.swift */,
				F46D1A7125172E8F0005F1BB /* NSBundle+Ex.m */,
				F46D1A7225172E8F0005F1BB /* DispatchQueue+Ex.swift */,
				F46D1A7325172E8F0005F1BB /* UIImage+Ex.swift */,
				F46D1A7425172E8F0005F1BB /* UILabel+Ex.swift */,
				F46D1A7525172E8F0005F1BB /* Dimesion+Ex.swift */,
				F46D1A7625172E8F0005F1BB /* NSObject+MehodSwizzle.m */,
				F46D1A7725172E8F0005F1BB /* UINavigationController+FDFullscreenPopGesture.m */,
				F46D1A7825172E8F0005F1BB /* Collections+Ex.swift */,
				F46D1A7925172E8F0005F1BB /* NSBundle+Ex.h */,
				F46D1A7A25172E8F0005F1BB /* IndexPath+Ex.swift */,
			);
			path = Extensions;
			sourceTree = "<group>";
		};
		F46D1AA5251731060005F1BB /* CommonUIVar */ = {
			isa = PBXGroup;
			children = (
				F46D1AA6251731060005F1BB /* SizeDimension.swift */,
				F46D1AA7251731060005F1BB /* UIImage.swift */,
				F46D1AA8251731060005F1BB /* TextDesign.swift */,
			);
			path = CommonUIVar;
			sourceTree = "<group>";
		};
		F46D1AAF2517325D0005F1BB /* FunctionControllers */ = {
			isa = PBXGroup;
			children = (
				F46D1AB3251732D10005F1BB /* My */,
				F46D1AB2251732C10005F1BB /* Discovery */,
				F46D1AB1251732A30005F1BB /* AddressBook */,
				F46D1AB0251732990005F1BB /* Chat */,
			);
			path = FunctionControllers;
			sourceTree = "<group>";
		};
		F46D1AB0251732990005F1BB /* Chat */ = {
			isa = PBXGroup;
			children = (
				F46D1AC02517336C0005F1BB /* ChatViewController.swift */,
				F46D1B1625184A560005F1BB /* ChatSessionViewController.swift */,
			);
			path = Chat;
			sourceTree = "<group>";
		};
		F46D1AB1251732A30005F1BB /* AddressBook */ = {
			isa = PBXGroup;
			children = (
				F46D1AC52517337A0005F1BB /* AdressBookViewController.swift */,
			);
			path = AddressBook;
			sourceTree = "<group>";
		};
		F46D1AB2251732C10005F1BB /* Discovery */ = {
			isa = PBXGroup;
			children = (
				F46D1ACA251733900005F1BB /* DiscoveryViewController.swift */,
			);
			path = Discovery;
			sourceTree = "<group>";
		};
		F46D1AB3251732D10005F1BB /* My */ = {
			isa = PBXGroup;
			children = (
				F46D1ACF2517339A0005F1BB /* MyViewController.swift */,
			);
			path = My;
			sourceTree = "<group>";
		};
		F46D1AE9251743A00005F1BB /* FunctionViews */ = {
			isa = PBXGroup;
			children = (
				F46D1AED251743D10005F1BB /* ChatInfoTableViewCell.swift */,
				F474E547251B909B00885A8B /* ChatSessionTableViewCell.swift */,
			);
			path = FunctionViews;
			sourceTree = "<group>";
		};
		F46D1AF225175E270005F1BB /* Models */ = {
			isa = PBXGroup;
			children = (
				F46D1AF325175E390005F1BB /* ChatContentManager.swift */,
			);
			path = Models;
			sourceTree = "<group>";
		};
/* End PBXGroup section */

/* Begin PBXNativeTarget section */
		F45CA62D2515FD8600A13456 /* DemoApp */ = {
			isa = PBXNativeTarget;
			buildConfigurationList = F45CA6582515FD8900A13456 /* Build configuration list for PBXNativeTarget "DemoApp" */;
			buildPhases = (
				486C8C49A0B843F14438CE24 /* [CP] Check Pods Manifest.lock */,
				F45CA62A2515FD8600A13456 /* Sources */,
				F45CA62B2515FD8600A13456 /* Frameworks */,
				F45CA62C2515FD8600A13456 /* Resources */,
				E153D20CA0193461C8DCADD2 /* [CP] Embed Pods Frameworks */,
			);
			buildRules = (
			);
			dependencies = (
			);
			name = DemoApp;
			productName = DemoApp;
			productReference = F45CA62E2515FD8600A13456 /* DemoApp.app */;
			productType = "com.apple.product-type.application";
		};
		F45CA6432515FD8800A13456 /* DemoAppTests */ = {
			isa = PBXNativeTarget;
			buildConfigurationList = F45CA65B2515FD8900A13456 /* Build configuration list for PBXNativeTarget "DemoAppTests" */;
			buildPhases = (
				F45CA6402515FD8800A13456 /* Sources */,
				F45CA6412515FD8800A13456 /* Frameworks */,
				F45CA6422515FD8800A13456 /* Resources */,
			);
			buildRules = (
			);
			dependencies = (
				F45CA6462515FD8800A13456 /* PBXTargetDependency */,
			);
			name = DemoAppTests;
			productName = DemoAppTests;
			productReference = F45CA6442515FD8800A13456 /* DemoAppTests.xctest */;
			productType = "com.apple.product-type.bundle.unit-test";
		};
		F45CA64E2515FD8800A13456 /* DemoAppUITests */ = {
			isa = PBXNativeTarget;
			buildConfigurationList = F45CA65E2515FD8900A13456 /* Build configuration list for PBXNativeTarget "DemoAppUITests" */;
			buildPhases = (
				F45CA64B2515FD8800A13456 /* Sources */,
				F45CA64C2515FD8800A13456 /* Frameworks */,
				F45CA64D2515FD8800A13456 /* Resources */,
			);
			buildRules = (
			);
			dependencies = (
				F45CA6512515FD8900A13456 /* PBXTargetDependency */,
			);
			name = DemoAppUITests;
			productName = DemoAppUITests;
			productReference = F45CA64F2515FD8900A13456 /* DemoAppUITests.xctest */;
			productType = "com.apple.product-type.bundle.ui-testing";
		};
/* End PBXNativeTarget section */

/* Begin PBXProject section */
		F45CA6262515FD8600A13456 /* Project object */ = {
			isa = PBXProject;
			attributes = {
				LastSwiftUpdateCheck = 1200;
				LastUpgradeCheck = 1200;
				TargetAttributes = {
					F45CA62D2515FD8600A13456 = {
						CreatedOnToolsVersion = 12.0;
						LastSwiftMigration = 1200;
					};
					F45CA6432515FD8800A13456 = {
						CreatedOnToolsVersion = 12.0;
						LastSwiftMigration = 1200;
						TestTargetID = F45CA62D2515FD8600A13456;
					};
					F45CA64E2515FD8800A13456 = {
						CreatedOnToolsVersion = 12.0;
						TestTargetID = F45CA62D2515FD8600A13456;
					};
				};
			};
			buildConfigurationList = F45CA6292515FD8600A13456 /* Build configuration list for PBXProject "DemoApp" */;
			compatibilityVersion = "Xcode 9.3";
			developmentRegion = en;
			hasScannedForEncodings = 0;
			knownRegions = (
				en,
				Base,
			);
			mainGroup = F45CA6252515FD8600A13456;
			productRefGroup = F45CA62F2515FD8600A13456 /* Products */;
			projectDirPath = "";
			projectRoot = "";
			targets = (
				F45CA62D2515FD8600A13456 /* DemoApp */,
				F45CA6432515FD8800A13456 /* DemoAppTests */,
				F45CA64E2515FD8800A13456 /* DemoAppUITests */,
			);
		};
/* End PBXProject section */

/* Begin PBXResourcesBuildPhase section */
		F45CA62C2515FD8600A13456 /* Resources */ = {
			isa = PBXResourcesBuildPhase;
			buildActionMask = 2147483647;
			files = (
				F45CA63E2515FD8800A13456 /* LaunchScreen.storyboard in Resources */,
				F45CA63B2515FD8800A13456 /* Assets.xcassets in Resources */,
				F45CA6392515FD8600A13456 /* Main.storyboard in Resources */,
			);
			runOnlyForDeploymentPostprocessing = 0;
		};
		F45CA6422515FD8800A13456 /* Resources */ = {
			isa = PBXResourcesBuildPhase;
			buildActionMask = 2147483647;
			files = (
			);
			runOnlyForDeploymentPostprocessing = 0;
		};
		F45CA64D2515FD8800A13456 /* Resources */ = {
			isa = PBXResourcesBuildPhase;
			buildActionMask = 2147483647;
			files = (
			);
			runOnlyForDeploymentPostprocessing = 0;
		};
/* End PBXResourcesBuildPhase section */

/* Begin PBXShellScriptBuildPhase section */
		486C8C49A0B843F14438CE24 /* [CP] Check Pods Manifest.lock */ = {
			isa = PBXShellScriptBuildPhase;
			buildActionMask = 2147483647;
			files = (
			);
			inputFileListPaths = (
			);
			inputPaths = (
				"${PODS_PODFILE_DIR_PATH}/Podfile.lock",
				"${PODS_ROOT}/Manifest.lock",
			);
			name = "[CP] Check Pods Manifest.lock";
			outputFileListPaths = (
			);
			outputPaths = (
				"$(DERIVED_FILE_DIR)/Pods-DemoApp-checkManifestLockResult.txt",
			);
			runOnlyForDeploymentPostprocessing = 0;
			shellPath = /bin/sh;
			shellScript = "diff \"${PODS_PODFILE_DIR_PATH}/Podfile.lock\" \"${PODS_ROOT}/Manifest.lock\" > /dev/null\nif [ $? != 0 ] ; then\n    # print error to STDERR\n    echo \"error: The sandbox is not in sync with the Podfile.lock. Run 'pod install' or update your CocoaPods installation.\" >&2\n    exit 1\nfi\n# This output is used by Xcode 'outputs' to avoid re-running this script phase.\necho \"SUCCESS\" > \"${SCRIPT_OUTPUT_FILE_0}\"\n";
			showEnvVarsInLog = 0;
		};
		E153D20CA0193461C8DCADD2 /* [CP] Embed Pods Frameworks */ = {
			isa = PBXShellScriptBuildPhase;
			buildActionMask = 2147483647;
			files = (
			);
			inputFileListPaths = (
				"${PODS_ROOT}/Target Support Files/Pods-DemoApp/Pods-DemoApp-frameworks-${CONFIGURATION}-input-files.xcfilelist",
			);
			name = "[CP] Embed Pods Frameworks";
			outputFileListPaths = (
				"${PODS_ROOT}/Target Support Files/Pods-DemoApp/Pods-DemoApp-frameworks-${CONFIGURATION}-output-files.xcfilelist",
			);
			runOnlyForDeploymentPostprocessing = 0;
			shellPath = /bin/sh;
			shellScript = "\"${PODS_ROOT}/Target Support Files/Pods-DemoApp/Pods-DemoApp-frameworks.sh\"\n";
			showEnvVarsInLog = 0;
		};
/* End PBXShellScriptBuildPhase section */

/* Begin PBXSourcesBuildPhase section */
		F45CA62A2515FD8600A13456 /* Sources */ = {
			isa = PBXSourcesBuildPhase;
			buildActionMask = 2147483647;
			files = (
				F46D1A7E25172E8F0005F1BB /* UIViewController+Ex.swift in Sources */,
				F46D1A8825172E8F0005F1BB /* NSObject+MehodSwizzle.m in Sources */,
				F46D1AC62517337A0005F1BB /* AdressBookViewController.swift in Sources */,
				F46D1A8325172E8F0005F1BB /* NSBundle+Ex.m in Sources */,
				F46D1A3025172D210005F1BB /* StringCheck.swift in Sources */,
				F46D1AEE251743D10005F1BB /* ChatInfoTableViewCell.swift in Sources */,
				F46D1A2C25172D210005F1BB /* BasicTool.swift in Sources */,
				F46D1A3425172D210005F1BB /* LocationTool.swift in Sources */,
				F46D1AD02517339A0005F1BB /* MyViewController.swift in Sources */,
				F46D1A8125172E8F0005F1BB /* Optional+Ex.swift in Sources */,
				F46D1A8225172E8F0005F1BB /* String+Ex.swift in Sources */,
				F46D1AAB251731060005F1BB /* TextDesign.swift in Sources */,
				F46D1B1725184A570005F1BB /* ChatSessionViewController.swift in Sources */,
				F474E548251B909B00885A8B /* ChatSessionTableViewCell.swift in Sources */,
				F46D1A8025172E8F0005F1BB /* UIColor + Ex.swift in Sources */,
				F46D197D25172B5C0005F1BB /* MainTabBarVC.swift in Sources */,
				F46D1A3225172D210005F1BB /* Debug.swift in Sources */,
				F46D1A8425172E8F0005F1BB /* DispatchQueue+Ex.swift in Sources */,
				F46D1A2D25172D210005F1BB /* LocalFileTool.swift in Sources */,
				F46D1A8B25172E8F0005F1BB /* IndexPath+Ex.swift in Sources */,
				F46D197C25172B5C0005F1BB /* MainNavigationVC.swift in Sources */,
				F46D1A8725172E8F0005F1BB /* Dimesion+Ex.swift in Sources */,
				F46D1ACB251733900005F1BB /* DiscoveryViewController.swift in Sources */,
				F46D1A7C25172E8F0005F1BB /* UIDevice+Ex.swift in Sources */,
				F46D1AA9251731060005F1BB /* SizeDimension.swift in Sources */,
				F46D1A3325172D210005F1BB /* LogTool.swift in Sources */,
				F45CA6322515FD8600A13456 /* AppDelegate.swift in Sources */,
				F46D1AAA251731060005F1BB /* UIImage.swift in Sources */,
				F46D1A8A25172E8F0005F1BB /* Collections+Ex.swift in Sources */,
				F46D1A7B25172E8F0005F1BB /* NSObject+Ex.swift in Sources */,
				F46D1A8925172E8F0005F1BB /* UINavigationController+FDFullscreenPopGesture.m in Sources */,
				F46D1A8625172E8F0005F1BB /* UILabel+Ex.swift in Sources */,
				F46D1A2E25172D210005F1BB /* DataPersistenceTool.swift in Sources */,
				F46D1A8525172E8F0005F1BB /* UIImage+Ex.swift in Sources */,
				F46D1A3125172D210005F1BB /* HTTPNetworkTool.swift in Sources */,
				F46D1AF425175E390005F1BB /* ChatContentManager.swift in Sources */,
				F46D1A2F25172D210005F1BB /* LocalizedTool.swift in Sources */,
				F45CA6342515FD8600A13456 /* SceneDelegate.swift in Sources */,
				F46D1AC12517336C0005F1BB /* ChatViewController.swift in Sources */,
				F46D1A7F25172E8F0005F1BB /* UIView+Ex.swift in Sources */,
			);
			runOnlyForDeploymentPostprocessing = 0;
		};
		F45CA6402515FD8800A13456 /* Sources */ = {
			isa = PBXSourcesBuildPhase;
			buildActionMask = 2147483647;
			files = (
				F45CA6492515FD8800A13456 /* DemoAppTests.swift in Sources */,
				F41246D12568B89E0046A5ED /* ARCUTTest.m in Sources */,
			);
			runOnlyForDeploymentPostprocessing = 0;
		};
		F45CA64B2515FD8800A13456 /* Sources */ = {
			isa = PBXSourcesBuildPhase;
			buildActionMask = 2147483647;
			files = (
				F45CA6542515FD8900A13456 /* DemoAppUITests.swift in Sources */,
			);
			runOnlyForDeploymentPostprocessing = 0;
		};
/* End PBXSourcesBuildPhase section */

/* Begin PBXTargetDependency section */
		F45CA6462515FD8800A13456 /* PBXTargetDependency */ = {
			isa = PBXTargetDependency;
			target = F45CA62D2515FD8600A13456 /* DemoApp */;
			targetProxy = F45CA6452515FD8800A13456 /* PBXContainerItemProxy */;
		};
		F45CA6512515FD8900A13456 /* PBXTargetDependency */ = {
			isa = PBXTargetDependency;
			target = F45CA62D2515FD8600A13456 /* DemoApp */;
			targetProxy = F45CA6502515FD8900A13456 /* PBXContainerItemProxy */;
		};
/* End PBXTargetDependency section */

/* Begin PBXVariantGroup section */
		F45CA6372515FD8600A13456 /* Main.storyboard */ = {
			isa = PBXVariantGroup;
			children = (
				F45CA6382515FD8600A13456 /* Base */,
			);
			name = Main.storyboard;
			sourceTree = "<group>";
		};
		F45CA63C2515FD8800A13456 /* LaunchScreen.storyboard */ = {
			isa = PBXVariantGroup;
			children = (
				F45CA63D2515FD8800A13456 /* Base */,
			);
			name = LaunchScreen.storyboard;
			sourceTree = "<group>";
		};
/* End PBXVariantGroup section */

/* Begin XCBuildConfiguration section */
		F45CA6562515FD8900A13456 /* Debug */ = {
			isa = XCBuildConfiguration;
			buildSettings = {
				ALWAYS_SEARCH_USER_PATHS = NO;
				CLANG_ANALYZER_NONNULL = YES;
				CLANG_ANALYZER_NUMBER_OBJECT_CONVERSION = YES_AGGRESSIVE;
				CLANG_CXX_LANGUAGE_STANDARD = "gnu++14";
				CLANG_CXX_LIBRARY = "libc++";
				CLANG_ENABLE_MODULES = YES;
				CLANG_ENABLE_OBJC_ARC = YES;
				CLANG_ENABLE_OBJC_WEAK = YES;
				CLANG_WARN_BLOCK_CAPTURE_AUTORELEASING = YES;
				CLANG_WARN_BOOL_CONVERSION = YES;
				CLANG_WARN_COMMA = YES;
				CLANG_WARN_CONSTANT_CONVERSION = YES;
				CLANG_WARN_DEPRECATED_OBJC_IMPLEMENTATIONS = YES;
				CLANG_WARN_DIRECT_OBJC_ISA_USAGE = YES_ERROR;
				CLANG_WARN_DOCUMENTATION_COMMENTS = YES;
				CLANG_WARN_EMPTY_BODY = YES;
				CLANG_WARN_ENUM_CONVERSION = YES;
				CLANG_WARN_INFINITE_RECURSION = YES;
				CLANG_WARN_INT_CONVERSION = YES;
				CLANG_WARN_NON_LITERAL_NULL_CONVERSION = YES;
				CLANG_WARN_OBJC_IMPLICIT_RETAIN_SELF = YES;
				CLANG_WARN_OBJC_LITERAL_CONVERSION = YES;
				CLANG_WARN_OBJC_ROOT_CLASS = YES_ERROR;
				CLANG_WARN_QUOTED_INCLUDE_IN_FRAMEWORK_HEADER = YES;
				CLANG_WARN_RANGE_LOOP_ANALYSIS = YES;
				CLANG_WARN_STRICT_PROTOTYPES = YES;
				CLANG_WARN_SUSPICIOUS_MOVE = YES;
				CLANG_WARN_UNGUARDED_AVAILABILITY = YES_AGGRESSIVE;
				CLANG_WARN_UNREACHABLE_CODE = YES;
				CLANG_WARN__DUPLICATE_METHOD_MATCH = YES;
				COPY_PHASE_STRIP = NO;
				DEBUG_INFORMATION_FORMAT = dwarf;
				ENABLE_STRICT_OBJC_MSGSEND = YES;
				ENABLE_TESTABILITY = YES;
				GCC_C_LANGUAGE_STANDARD = gnu11;
				GCC_DYNAMIC_NO_PIC = NO;
				GCC_NO_COMMON_BLOCKS = YES;
				GCC_OPTIMIZATION_LEVEL = 0;
				GCC_PREPROCESSOR_DEFINITIONS = (
					"DEBUG=1",
					"$(inherited)",
				);
				GCC_WARN_64_TO_32_BIT_CONVERSION = YES;
				GCC_WARN_ABOUT_RETURN_TYPE = YES_ERROR;
				GCC_WARN_UNDECLARED_SELECTOR = YES;
				GCC_WARN_UNINITIALIZED_AUTOS = YES_AGGRESSIVE;
				GCC_WARN_UNUSED_FUNCTION = YES;
				GCC_WARN_UNUSED_VARIABLE = YES;
				IPHONEOS_DEPLOYMENT_TARGET = 10.0;
				MTL_ENABLE_DEBUG_INFO = INCLUDE_SOURCE;
				MTL_FAST_MATH = YES;
				ONLY_ACTIVE_ARCH = YES;
				SDKROOT = iphoneos;
				SWIFT_ACTIVE_COMPILATION_CONDITIONS = DEBUG;
				SWIFT_OBJC_BRIDGING_HEADER = "$(SRCROOT)/DemoApp/DemoApp-Bridging-Header.h";
				SWIFT_OPTIMIZATION_LEVEL = "-Onone";
			};
			name = Debug;
		};
		F45CA6572515FD8900A13456 /* Release */ = {
			isa = XCBuildConfiguration;
			buildSettings = {
				ALWAYS_SEARCH_USER_PATHS = NO;
				CLANG_ANALYZER_NONNULL = YES;
				CLANG_ANALYZER_NUMBER_OBJECT_CONVERSION = YES_AGGRESSIVE;
				CLANG_CXX_LANGUAGE_STANDARD = "gnu++14";
				CLANG_CXX_LIBRARY = "libc++";
				CLANG_ENABLE_MODULES = YES;
				CLANG_ENABLE_OBJC_ARC = YES;
				CLANG_ENABLE_OBJC_WEAK = YES;
				CLANG_WARN_BLOCK_CAPTURE_AUTORELEASING = YES;
				CLANG_WARN_BOOL_CONVERSION = YES;
				CLANG_WARN_COMMA = YES;
				CLANG_WARN_CONSTANT_CONVERSION = YES;
				CLANG_WARN_DEPRECATED_OBJC_IMPLEMENTATIONS = YES;
				CLANG_WARN_DIRECT_OBJC_ISA_USAGE = YES_ERROR;
				CLANG_WARN_DOCUMENTATION_COMMENTS = YES;
				CLANG_WARN_EMPTY_BODY = YES;
				CLANG_WARN_ENUM_CONVERSION = YES;
				CLANG_WARN_INFINITE_RECURSION = YES;
				CLANG_WARN_INT_CONVERSION = YES;
				CLANG_WARN_NON_LITERAL_NULL_CONVERSION = YES;
				CLANG_WARN_OBJC_IMPLICIT_RETAIN_SELF = YES;
				CLANG_WARN_OBJC_LITERAL_CONVERSION = YES;
				CLANG_WARN_OBJC_ROOT_CLASS = YES_ERROR;
				CLANG_WARN_QUOTED_INCLUDE_IN_FRAMEWORK_HEADER = YES;
				CLANG_WARN_RANGE_LOOP_ANALYSIS = YES;
				CLANG_WARN_STRICT_PROTOTYPES = YES;
				CLANG_WARN_SUSPICIOUS_MOVE = YES;
				CLANG_WARN_UNGUARDED_AVAILABILITY = YES_AGGRESSIVE;
				CLANG_WARN_UNREACHABLE_CODE = YES;
				CLANG_WARN__DUPLICATE_METHOD_MATCH = YES;
				COPY_PHASE_STRIP = NO;
				DEBUG_INFORMATION_FORMAT = "dwarf-with-dsym";
				ENABLE_NS_ASSERTIONS = NO;
				ENABLE_STRICT_OBJC_MSGSEND = YES;
				GCC_C_LANGUAGE_STANDARD = gnu11;
				GCC_NO_COMMON_BLOCKS = YES;
				GCC_WARN_64_TO_32_BIT_CONVERSION = YES;
				GCC_WARN_ABOUT_RETURN_TYPE = YES_ERROR;
				GCC_WARN_UNDECLARED_SELECTOR = YES;
				GCC_WARN_UNINITIALIZED_AUTOS = YES_AGGRESSIVE;
				GCC_WARN_UNUSED_FUNCTION = YES;
				GCC_WARN_UNUSED_VARIABLE = YES;
				IPHONEOS_DEPLOYMENT_TARGET = 10.0;
				MTL_ENABLE_DEBUG_INFO = NO;
				MTL_FAST_MATH = YES;
				SDKROOT = iphoneos;
				SWIFT_COMPILATION_MODE = wholemodule;
				SWIFT_OBJC_BRIDGING_HEADER = "$(SRCROOT)/DemoApp/DemoApp-Bridging-Header.h";
				SWIFT_OPTIMIZATION_LEVEL = "-O";
				VALIDATE_PRODUCT = YES;
			};
			name = Release;
		};
		F45CA6592515FD8900A13456 /* Debug */ = {
			isa = XCBuildConfiguration;
			baseConfigurationReference = 0D87A92500FCD09F13508075 /* Pods-DemoApp.debug.xcconfig */;
			buildSettings = {
				ASSETCATALOG_COMPILER_APPICON_NAME = AppIcon;
				ASSETCATALOG_COMPILER_GLOBAL_ACCENT_COLOR_NAME = AccentColor;
				CLANG_ENABLE_MODULES = YES;
				CODE_SIGN_IDENTITY = "Apple Development";
				CODE_SIGN_STYLE = Automatic;
				DEVELOPMENT_TEAM = UGQ7XHC9ZT;
				INFOPLIST_FILE = DemoApp/Info.plist;
				IPHONEOS_DEPLOYMENT_TARGET = 10.0;
				LD_RUNPATH_SEARCH_PATHS = (
					"$(inherited)",
					"@executable_path/Frameworks",
				);
				MARKETING_VERSION = 1.0;
				PRODUCT_BUNDLE_IDENTIFIER = cc.minieye.zhuhuilin.DemoApp;
				PRODUCT_NAME = "$(TARGET_NAME)";
				PROVISIONING_PROFILE_SPECIFIER = "";
				SWIFT_OBJC_BRIDGING_HEADER = "$(SRCROOT)/DemoApp/DemoApp-Bridging-Header.h";
				SWIFT_OPTIMIZATION_LEVEL = "-Onone";
				SWIFT_VERSION = 5.0;
				TARGETED_DEVICE_FAMILY = "1,2";
			};
			name = Debug;
		};
		F45CA65A2515FD8900A13456 /* Release */ = {
			isa = XCBuildConfiguration;
			baseConfigurationReference = F26618E2A3D8B403BC5E3EBE /* Pods-DemoApp.release.xcconfig */;
			buildSettings = {
				ASSETCATALOG_COMPILER_APPICON_NAME = AppIcon;
				ASSETCATALOG_COMPILER_GLOBAL_ACCENT_COLOR_NAME = AccentColor;
				CLANG_ENABLE_MODULES = YES;
				CODE_SIGN_IDENTITY = "Apple Development";
				CODE_SIGN_STYLE = Automatic;
				DEVELOPMENT_TEAM = UGQ7XHC9ZT;
				INFOPLIST_FILE = DemoApp/Info.plist;
				IPHONEOS_DEPLOYMENT_TARGET = 10.0;
				LD_RUNPATH_SEARCH_PATHS = (
					"$(inherited)",
					"@executable_path/Frameworks",
				);
				MARKETING_VERSION = 1.0;
				PRODUCT_BUNDLE_IDENTIFIER = cc.minieye.zhuhuilin.DemoApp;
				PRODUCT_NAME = "$(TARGET_NAME)";
				PROVISIONING_PROFILE_SPECIFIER = "";
				SWIFT_OBJC_BRIDGING_HEADER = "$(SRCROOT)/DemoApp/DemoApp-Bridging-Header.h";
				SWIFT_VERSION = 5.0;
				TARGETED_DEVICE_FAMILY = "1,2";
			};
			name = Release;
		};
		F45CA65C2515FD8900A13456 /* Debug */ = {
			isa = XCBuildConfiguration;
			buildSettings = {
				ALWAYS_EMBED_SWIFT_STANDARD_LIBRARIES = YES;
				BUNDLE_LOADER = "$(TEST_HOST)";
				CLANG_ENABLE_MODULES = YES;
				CODE_SIGN_STYLE = Automatic;
				DEVELOPMENT_TEAM = UGQ7XHC9ZT;
				INFOPLIST_FILE = DemoAppTests/Info.plist;
				IPHONEOS_DEPLOYMENT_TARGET = 10.0;
				LD_RUNPATH_SEARCH_PATHS = (
					"$(inherited)",
					"@executable_path/Frameworks",
					"@loader_path/Frameworks",
				);
				PRODUCT_BUNDLE_IDENTIFIER = cc.minieye.zhuhuilin.DemoAppTests;
				PRODUCT_NAME = "$(TARGET_NAME)";
				SWIFT_OBJC_BRIDGING_HEADER = "";
				SWIFT_OPTIMIZATION_LEVEL = "-Onone";
				SWIFT_VERSION = 5.0;
				TARGETED_DEVICE_FAMILY = "1,2";
				TEST_HOST = "$(BUILT_PRODUCTS_DIR)/DemoApp.app/DemoApp";
			};
			name = Debug;
		};
		F45CA65D2515FD8900A13456 /* Release */ = {
			isa = XCBuildConfiguration;
			buildSettings = {
				ALWAYS_EMBED_SWIFT_STANDARD_LIBRARIES = YES;
				BUNDLE_LOADER = "$(TEST_HOST)";
				CLANG_ENABLE_MODULES = YES;
				CODE_SIGN_STYLE = Automatic;
				DEVELOPMENT_TEAM = UGQ7XHC9ZT;
				INFOPLIST_FILE = DemoAppTests/Info.plist;
				IPHONEOS_DEPLOYMENT_TARGET = 10.0;
				LD_RUNPATH_SEARCH_PATHS = (
					"$(inherited)",
					"@executable_path/Frameworks",
					"@loader_path/Frameworks",
				);
				PRODUCT_BUNDLE_IDENTIFIER = cc.minieye.zhuhuilin.DemoAppTests;
				PRODUCT_NAME = "$(TARGET_NAME)";
				SWIFT_OBJC_BRIDGING_HEADER = "";
				SWIFT_VERSION = 5.0;
				TARGETED_DEVICE_FAMILY = "1,2";
				TEST_HOST = "$(BUILT_PRODUCTS_DIR)/DemoApp.app/DemoApp";
			};
			name = Release;
		};
		F45CA65F2515FD8900A13456 /* Debug */ = {
			isa = XCBuildConfiguration;
			buildSettings = {
				ALWAYS_EMBED_SWIFT_STANDARD_LIBRARIES = YES;
				CODE_SIGN_STYLE = Automatic;
				DEVELOPMENT_TEAM = UGQ7XHC9ZT;
				INFOPLIST_FILE = DemoAppUITests/Info.plist;
				LD_RUNPATH_SEARCH_PATHS = (
					"$(inherited)",
					"@executable_path/Frameworks",
					"@loader_path/Frameworks",
				);
				PRODUCT_BUNDLE_IDENTIFIER = cc.minieye.zhuhuilin.DemoAppUITests;
				PRODUCT_NAME = "$(TARGET_NAME)";
				SWIFT_OBJC_BRIDGING_HEADER = "";
				SWIFT_VERSION = 5.0;
				TARGETED_DEVICE_FAMILY = "1,2";
				TEST_TARGET_NAME = DemoApp;
			};
			name = Debug;
		};
		F45CA6602515FD8900A13456 /* Release */ = {
			isa = XCBuildConfiguration;
			buildSettings = {
				ALWAYS_EMBED_SWIFT_STANDARD_LIBRARIES = YES;
				CODE_SIGN_STYLE = Automatic;
				DEVELOPMENT_TEAM = UGQ7XHC9ZT;
				INFOPLIST_FILE = DemoAppUITests/Info.plist;
				LD_RUNPATH_SEARCH_PATHS = (
					"$(inherited)",
					"@executable_path/Frameworks",
					"@loader_path/Frameworks",
				);
				PRODUCT_BUNDLE_IDENTIFIER = cc.minieye.zhuhuilin.DemoAppUITests;
				PRODUCT_NAME = "$(TARGET_NAME)";
				SWIFT_OBJC_BRIDGING_HEADER = "";
				SWIFT_VERSION = 5.0;
				TARGETED_DEVICE_FAMILY = "1,2";
				TEST_TARGET_NAME = DemoApp;
			};
			name = Release;
		};
/* End XCBuildConfiguration section */

/* Begin XCConfigurationList section */
		F45CA6292515FD8600A13456 /* Build configuration list for PBXProject "DemoApp" */ = {
			isa = XCConfigurationList;
			buildConfigurations = (
				F45CA6562515FD8900A13456 /* Debug */,
				F45CA6572515FD8900A13456 /* Release */,
			);
			defaultConfigurationIsVisible = 0;
			defaultConfigurationName = Release;
		};
		F45CA6582515FD8900A13456 /* Build configuration list for PBXNativeTarget "DemoApp" */ = {
			isa = XCConfigurationList;
			buildConfigurations = (
				F45CA6592515FD8900A13456 /* Debug */,
				F45CA65A2515FD8900A13456 /* Release */,
			);
			defaultConfigurationIsVisible = 0;
			defaultConfigurationName = Release;
		};
		F45CA65B2515FD8900A13456 /* Build configuration list for PBXNativeTarget "DemoAppTests" */ = {
			isa = XCConfigurationList;
			buildConfigurations = (
				F45CA65C2515FD8900A13456 /* Debug */,
				F45CA65D2515FD8900A13456 /* Release */,
			);
			defaultConfigurationIsVisible = 0;
			defaultConfigurationName = Release;
		};
		F45CA65E2515FD8900A13456 /* Build configuration list for PBXNativeTarget "DemoAppUITests" */ = {
			isa = XCConfigurationList;
			buildConfigurations = (
				F45CA65F2515FD8900A13456 /* Debug */,
				F45CA6602515FD8900A13456 /* Release */,
			);
			defaultConfigurationIsVisible = 0;
			defaultConfigurationName = Release;
		};
/* End XCConfigurationList section */
	};
	rootObject = F45CA6262515FD8600A13456 /* Project object */;
}
